
Microsoft Visual Studio Solution File, Format Version 12.00
# Visual Studio 15
VisualStudioVersion = 15.0.28307.168
MinimumVisualStudioVersion = 10.0.40219.1
Project("{9A19103F-16F7-4668-BE54-9A1E7A4F7556}") = "VacationTrackingSoftware", "VacationTrackingSoftware\VacationTrackingSoftware.csproj", "{4146B2FE-FEA1-4517-B6A8-EA7CDC15E304}"
EndProject
Project("{9A19103F-16F7-4668-BE54-9A1E7A4F7556}") = "BLL", "BLL\BLL.csproj", "{5106F41A-ABDE-463D-9EA6-BD7066335101}"
EndProject
Project("{9A19103F-16F7-4668-BE54-9A1E7A4F7556}") = "DAL", "DAL\DAL.csproj", "{0FE5C84E-7378-4F39-9C28-CF4DE8C5FCCC}"
EndProject
Project("{2150E333-8FDC-42A3-9474-1A3956D46DE8}") = "tests", "tests", "{FBBF4118-96D3-4967-B8E0-E4E59CEDB911}"
EndProject
Project("{9A19103F-16F7-4668-BE54-9A1E7A4F7556}") = "XUnitTestProject1", "XUnitTestProject1\XUnitTestProject1.csproj", "{F6AB03F8-E1F7-4EC8-BF61-E805083CDF31}"
EndProject
Project("{FAE04EC0-301F-11D3-BF4B-00C04F79EFBC}") = "DAL(ADO.)", "DAL(ADO.)\DAL(ADO.).csproj", "{1EAD4C25-9AAA-48C1-816F-4A31F0D2F067}"
EndProject
Global
	GlobalSection(SolutionConfigurationPlatforms) = preSolution
		Debug|Any CPU = Debug|Any CPU
		Release|Any CPU = Release|Any CPU
	EndGlobalSection
	GlobalSection(ProjectConfigurationPlatforms) = postSolution
		{4146B2FE-FEA1-4517-B6A8-EA7CDC15E304}.Debug|Any CPU.ActiveCfg = Debug|Any CPU
		{4146B2FE-FEA1-4517-B6A8-EA7CDC15E304}.Debug|Any CPU.Build.0 = Debug|Any CPU
		{4146B2FE-FEA1-4517-B6A8-EA7CDC15E304}.Release|Any CPU.ActiveCfg = Release|Any CPU
		{4146B2FE-FEA1-4517-B6A8-EA7CDC15E304}.Release|Any CPU.Build.0 = Release|Any CPU
		{5106F41A-ABDE-463D-9EA6-BD7066335101}.Debug|Any CPU.ActiveCfg = Debug|Any CPU
		{5106F41A-ABDE-463D-9EA6-BD7066335101}.Debug|Any CPU.Build.0 = Debug|Any CPU
		{5106F41A-ABDE-463D-9EA6-BD7066335101}.Release|Any CPU.ActiveCfg = Release|Any CPU
		{5106F41A-ABDE-463D-9EA6-BD7066335101}.Release|Any CPU.Build.0 = Release|Any CPU
		{0FE5C84E-7378-4F39-9C28-CF4DE8C5FCCC}.Debug|Any CPU.ActiveCfg = Debug|Any CPU
		{0FE5C84E-7378-4F39-9C28-CF4DE8C5FCCC}.Debug|Any CPU.Build.0 = Debug|Any CPU
		{0FE5C84E-7378-4F39-9C28-CF4DE8C5FCCC}.Release|Any CPU.ActiveCfg = Release|Any CPU
		{0FE5C84E-7378-4F39-9C28-CF4DE8C5FCCC}.Release|Any CPU.Build.0 = Release|Any CPU
		{F6AB03F8-E1F7-4EC8-BF61-E805083CDF31}.Debug|Any CPU.ActiveCfg = Debug|Any CPU
		{F6AB03F8-E1F7-4EC8-BF61-E805083CDF31}.Debug|Any CPU.Build.0 = Debug|Any CPU
		{F6AB03F8-E1F7-4EC8-BF61-E805083CDF31}.Release|Any CPU.ActiveCfg = Release|Any CPU
		{F6AB03F8-E1F7-4EC8-BF61-E805083CDF31}.Release|Any CPU.Build.0 = Release|Any CPU
		{1EAD4C25-9AAA-48C1-816F-4A31F0D2F067}.Debug|Any CPU.ActiveCfg = Debug|Any CPU
		{1EAD4C25-9AAA-48C1-816F-4A31F0D2F067}.Debug|Any CPU.Build.0 = Debug|Any CPU
		{1EAD4C25-9AAA-48C1-816F-4A31F0D2F067}.Release|Any CPU.ActiveCfg = Release|Any CPU
		{1EAD4C25-9AAA-48C1-816F-4A31F0D2F067}.Release|Any CPU.Build.0 = Release|Any CPU
	EndGlobalSection
	GlobalSection(SolutionProperties) = preSolution
		HideSolutionNode = FALSE
	EndGlobalSection
	GlobalSection(NestedProjects) = preSolution
		{F6AB03F8-E1F7-4EC8-BF61-E805083CDF31} = {FBBF4118-96D3-4967-B8E0-E4E59CEDB911}
	EndGlobalSection
	GlobalSection(ExtensibilityGlobals) = postSolution
		SolutionGuid = {7B719D83-58AE-451D-8CE0-167A1692204E}
	EndGlobalSection
EndGlobal
